
Microsoft Visual Studio Solution File, Format Version 12.00
# Visual Studio Version 17
VisualStudioVersion = 17.9.34728.123
MinimumVisualStudioVersion = 10.0.40219.1
Project("{FAE04EC0-301F-11D3-BF4B-00C04F79EFBC}") = "PasswordGenerator.Server", "PasswordGenerator.Server\PasswordGenerator.Server.csproj", "{EB9390F1-5666-425C-88EC-532EAB79167A}"
EndProject
Project("{54A90642-561A-4BB1-A94E-469ADEE60C69}") = "passwordgenerator.client", "passwordgenerator.client\passwordgenerator.client.esproj", "{2FFE2661-F60B-45DF-A617-9E744163AEA3}"
EndProject
Global
	GlobalSection(SolutionConfigurationPlatforms) = preSolution
		Debug|Any CPU = Debug|Any CPU
		Release|Any CPU = Release|Any CPU
	EndGlobalSection
	GlobalSection(ProjectConfigurationPlatforms) = postSolution
		{EB9390F1-5666-425C-88EC-532EAB79167A}.Debug|Any CPU.ActiveCfg = Debug|Any CPU
		{EB9390F1-5666-425C-88EC-532EAB79167A}.Debug|Any CPU.Build.0 = Debug|Any CPU
		{EB9390F1-5666-425C-88EC-532EAB79167A}.Release|Any CPU.ActiveCfg = Release|Any CPU
		{EB9390F1-5666-425C-88EC-532EAB79167A}.Release|Any CPU.Build.0 = Release|Any CPU
		{2FFE2661-F60B-45DF-A617-9E744163AEA3}.Debug|Any CPU.ActiveCfg = Debug|Any CPU
		{2FFE2661-F60B-45DF-A617-9E744163AEA3}.Debug|Any CPU.Build.0 = Debug|Any CPU
		{2FFE2661-F60B-45DF-A617-9E744163AEA3}.Debug|Any CPU.Deploy.0 = Debug|Any CPU
		{2FFE2661-F60B-45DF-A617-9E744163AEA3}.Release|Any CPU.ActiveCfg = Release|Any CPU
		{2FFE2661-F60B-45DF-A617-9E744163AEA3}.Release|Any CPU.Build.0 = Release|Any CPU
		{2FFE2661-F60B-45DF-A617-9E744163AEA3}.Release|Any CPU.Deploy.0 = Release|Any CPU
	EndGlobalSection
	GlobalSection(SolutionProperties) = preSolution
		HideSolutionNode = FALSE
	EndGlobalSection
	GlobalSection(ExtensibilityGlobals) = postSolution
		SolutionGuid = {6F36166C-B39C-4D83-B93E-1446B3A80858}
	EndGlobalSection
EndGlobal
